
Microsoft Visual Studio Solution File, Format Version 12.00
# Visual Studio Version 17
VisualStudioVersion = 17.9.34622.214
MinimumVisualStudioVersion = 10.0.40219.1
Project("{FAE04EC0-301F-11D3-BF4B-00C04F79EFBC}") = "Secventiator", "Secventiator\Secventiator.csproj", "{342EC5D0-ABDE-4CDA-805F-B062E7278CDC}"
EndProject
Global
	GlobalSection(SolutionConfigurationPlatforms) = preSolution
		Debug|Any CPU = Debug|Any CPU
		Release|Any CPU = Release|Any CPU
	EndGlobalSection
	GlobalSection(ProjectConfigurationPlatforms) = postSolution
		{342EC5D0-ABDE-4CDA-805F-B062E7278CDC}.Debug|Any CPU.ActiveCfg = Debug|Any CPU
		{342EC5D0-ABDE-4CDA-805F-B062E7278CDC}.Debug|Any CPU.Build.0 = Debug|Any CPU
		{342EC5D0-ABDE-4CDA-805F-B062E7278CDC}.Release|Any CPU.ActiveCfg = Release|Any CPU
		{342EC5D0-ABDE-4CDA-805F-B062E7278CDC}.Release|Any CPU.Build.0 = Release|Any CPU
	EndGlobalSection
	GlobalSection(SolutionProperties) = preSolution
		HideSolutionNode = FALSE
	EndGlobalSection
	GlobalSection(ExtensibilityGlobals) = postSolution
		SolutionGuid = {14167F67-C3D9-489E-8E56-35D2069E22D3}
	EndGlobalSection
EndGlobal
